{
  "name": "mst-helper",
  "version": "0.0.1",
  "lockfileVersion": 1,
  "requires": true,
  "dependencies": {
    "dayjs": {
      "version": "1.8.35",
      "resolved": "https://registry.npmjs.org/dayjs/-/dayjs-1.8.35.tgz",
      "integrity": "sha512-isAbIEenO4ilm6f8cpqvgjZCsuerDAz2Kb7ri201AiNn58aqXuaLJEnCtfIMdCvERZHNGRY5lDMTr/jdAnKSWQ=="
    },
    "mobx-state-tree": {
      "version": "3.17.2",
      "resolved": "https://registry.npmjs.org/mobx-state-tree/-/mobx-state-tree-3.17.2.tgz",
      "integrity": "sha512-X0+xO7yEvBvPmLU2Z6cp81sD0xQaMXgLD4lGZoKSasOhNJSQPyKlu/LFxJTS6Wgw7J3gkWq9MMfQ4pO6wGMVfw=="
    }
  }
}
